// !$*UTF8*$!
{
	archiveVersion = 1;
	classes = {
	};
	objectVersion = 45;
	objects = {

/* Begin PBXAggregateTarget section */
		F1F754B90EA7CE6D00AB7481 /* Build All */ = {
			isa = PBXAggregateTarget;
			buildConfigurationList = F1F754C60EA7CEB800AB7481 /* Build configuration list for PBXAggregateTarget "Build All" */;
			buildPhases = (
			);
			dependencies = (
				F1F754BE0EA7CE7200AB7481 /* PBXTargetDependency */,
				F1F754C00EA7CE7400AB7481 /* PBXTargetDependency */,
			);
			name = "Build All";
			productName = "Build All";
		};
/* End PBXAggregateTarget section */

/* Begin PBXBuildFile section */
		1D3623260D0F684500981E51 /* HSKAppDelegate.m in Sources */ = {isa = PBXBuildFile; fileRef = 1D3623250D0F684500981E51 /* HSKAppDelegate.m */; };
		1D60589B0D05DD56006BFB54 /* main.m in Sources */ = {isa = PBXBuildFile; fileRef = 29B97316FDCFA39411CA2CEA /* main.m */; };
		1D60589F0D05DD5A006BFB54 /* Foundation.framework in Frameworks */ = {isa = PBXBuildFile; fileRef = 1D30AB110D05D00D00671497 /* Foundation.framework */; };
		1DF5F4E00D08C38300B7A737 /* UIKit.framework in Frameworks */ = {isa = PBXBuildFile; fileRef = 1DF5F4DF0D08C38300B7A737 /* UIKit.framework */; };
		288765A50DF7441C002DB57D /* CoreGraphics.framework in Frameworks */ = {isa = PBXBuildFile; fileRef = 288765A40DF7441C002DB57D /* CoreGraphics.framework */; };
		2899E5220DE3E06400AC0155 /* MainViewController.xib in Resources */ = {isa = PBXBuildFile; fileRef = 2899E5210DE3E06400AC0155 /* MainViewController.xib */; };
		28AD733F0D9D9553002E5188 /* MainWindow.xib in Resources */ = {isa = PBXBuildFile; fileRef = 28AD733E0D9D9553002E5188 /* MainWindow.xib */; };
		28D7ACF80DDB3853001CB0EB /* HSKMainViewController.m in Sources */ = {isa = PBXBuildFile; fileRef = 28D7ACF70DDB3853001CB0EB /* HSKMainViewController.m */; };
		B421ACE00EA7F3390010A462 /* HSKAboutViewController.m in Sources */ = {isa = PBXBuildFile; fileRef = B421ACDF0EA7F3390010A462 /* HSKAboutViewController.m */; };
		B421ACE10EA7F3390010A462 /* HSKAboutViewController.m in Sources */ = {isa = PBXBuildFile; fileRef = B421ACDF0EA7F3390010A462 /* HSKAboutViewController.m */; };
		B421ADE40EA7FDA20010A462 /* libsqlite3.dylib in Frameworks */ = {isa = PBXBuildFile; fileRef = B421ADE30EA7FDA20010A462 /* libsqlite3.dylib */; };
		B421ADE60EA7FDB70010A462 /* libsqlite3.dylib in Frameworks */ = {isa = PBXBuildFile; fileRef = B421ADE30EA7FDA20010A462 /* libsqlite3.dylib */; };
		B432D1CD0E8D814100DD6D26 /* pict.png in Resources */ = {isa = PBXBuildFile; fileRef = B432D1CA0E8D814100DD6D26 /* pict.png */; };
		B432D1CE0E8D814100DD6D26 /* vcard.png in Resources */ = {isa = PBXBuildFile; fileRef = B432D1CB0E8D814100DD6D26 /* vcard.png */; };
		B432D1CF0E8D814100DD6D26 /* ab.png in Resources */ = {isa = PBXBuildFile; fileRef = B432D1CC0E8D814100DD6D26 /* ab.png */; };
		B4349CD10EA690AB00D021F6 /* QuartzCore.framework in Frameworks */ = {isa = PBXBuildFile; fileRef = B4349CD00EA690AB00D021F6 /* QuartzCore.framework */; };
		B4349E0D0EA6A12400D021F6 /* webBackground.jpg in Resources */ = {isa = PBXBuildFile; fileRef = B4349E0C0EA6A12400D021F6 /* webBackground.jpg */; };
		B4349FF20EA7D9D700D021F6 /* skorp.png in Resources */ = {isa = PBXBuildFile; fileRef = B4349FEE0EA7D9D700D021F6 /* skorp.png */; };
		B4349FF30EA7D9D700D021F6 /* about.xib in Resources */ = {isa = PBXBuildFile; fileRef = B4349FEF0EA7D9D700D021F6 /* about.xib */; };
		B4349FF40EA7D9D700D021F6 /* dfsw.png in Resources */ = {isa = PBXBuildFile; fileRef = B4349FF00EA7D9D700D021F6 /* dfsw.png */; };
		B4349FF50EA7D9D700D021F6 /* gethandshake.png in Resources */ = {isa = PBXBuildFile; fileRef = B4349FF10EA7D9D700D021F6 /* gethandshake.png */; };
		B4349FF60EA7D9D700D021F6 /* skorp.png in Resources */ = {isa = PBXBuildFile; fileRef = B4349FEE0EA7D9D700D021F6 /* skorp.png */; };
		B4349FF70EA7D9D700D021F6 /* about.xib in Resources */ = {isa = PBXBuildFile; fileRef = B4349FEF0EA7D9D700D021F6 /* about.xib */; };
		B4349FF80EA7D9D700D021F6 /* dfsw.png in Resources */ = {isa = PBXBuildFile; fileRef = B4349FF00EA7D9D700D021F6 /* dfsw.png */; };
		B4349FF90EA7D9D700D021F6 /* gethandshake.png in Resources */ = {isa = PBXBuildFile; fileRef = B4349FF10EA7D9D700D021F6 /* gethandshake.png */; };
		B4381F3F0E9001DA003B6E59 /* NSString+SKPPhoneAdditions.m in Sources */ = {isa = PBXBuildFile; fileRef = B4381F3E0E9001DA003B6E59 /* NSString+SKPPhoneAdditions.m */; };
		B44F07D70E8B76770046BC7D /* AddressBook.framework in Frameworks */ = {isa = PBXBuildFile; fileRef = B44F07D60E8B76770046BC7D /* AddressBook.framework */; };
		B44F07DB0E8B767B0046BC7D /* AddressBookUI.framework in Frameworks */ = {isa = PBXBuildFile; fileRef = B44F07DA0E8B767B0046BC7D /* AddressBookUI.framework */; };
		B487A2A70E9962E900E037F6 /* HSKFlipsideController.m in Sources */ = {isa = PBXBuildFile; fileRef = B487A2A60E9962E900E037F6 /* HSKFlipsideController.m */; };
		B49C63330E92D779009CC451 /* CDataScanner.m in Sources */ = {isa = PBXBuildFile; fileRef = B49C63320E92D779009CC451 /* CDataScanner.m */; };
		B49C633C0E92D782009CC451 /* CDataScanner_Extensions.m in Sources */ = {isa = PBXBuildFile; fileRef = B49C63350E92D782009CC451 /* CDataScanner_Extensions.m */; };
		B49C633D0E92D782009CC451 /* NSCharacterSet_Extensions.m in Sources */ = {isa = PBXBuildFile; fileRef = B49C63370E92D782009CC451 /* NSCharacterSet_Extensions.m */; };
		B49C633E0E92D782009CC451 /* NSDictionary_JSONExtensions.m in Sources */ = {isa = PBXBuildFile; fileRef = B49C63390E92D782009CC451 /* NSDictionary_JSONExtensions.m */; };
		B49C633F0E92D782009CC451 /* NSScanner_Extensions.m in Sources */ = {isa = PBXBuildFile; fileRef = B49C633B0E92D782009CC451 /* NSScanner_Extensions.m */; };
		B49C63460E92D790009CC451 /* CJSONDeserializer.m in Sources */ = {isa = PBXBuildFile; fileRef = B49C63410E92D790009CC451 /* CJSONDeserializer.m */; };
		B49C63470E92D790009CC451 /* CJSONScanner.m in Sources */ = {isa = PBXBuildFile; fileRef = B49C63430E92D790009CC451 /* CJSONScanner.m */; };
		B49C63480E92D790009CC451 /* CJSONSerializer.m in Sources */ = {isa = PBXBuildFile; fileRef = B49C63450E92D790009CC451 /* CJSONSerializer.m */; };
		B49C63530E92DAA2009CC451 /* NetworkSettings.plist in Resources */ = {isa = PBXBuildFile; fileRef = B49C63520E92DAA2009CC451 /* NetworkSettings.plist */; };
		B4B8D46C0E96A0810081A648 /* Base64Transcoder.m in Sources */ = {isa = PBXBuildFile; fileRef = B4B8D4590E96A0810081A648 /* Base64Transcoder.m */; };
		B4B8D46D0E96A0810081A648 /* NSData+Base64Additions.m in Sources */ = {isa = PBXBuildFile; fileRef = B4B8D45B0E96A0810081A648 /* NSData+Base64Additions.m */; };
		B4B8D46E0E96A0810081A648 /* NSString+SKPURLAdditions.m in Sources */ = {isa = PBXBuildFile; fileRef = B4B8D45D0E96A0810081A648 /* NSString+SKPURLAdditions.m */; };
		B4B8D46F0E96A0810081A648 /* NSURLConnection+SKPAdditions.m in Sources */ = {isa = PBXBuildFile; fileRef = B4B8D45F0E96A0810081A648 /* NSURLConnection+SKPAdditions.m */; };
		B4B8D4700E96A0810081A648 /* RPSBrowserViewController.m in Sources */ = {isa = PBXBuildFile; fileRef = B4B8D4610E96A0810081A648 /* RPSBrowserViewController.m */; };
		B4B8D4710E96A0810081A648 /* RPSNetwork.m in Sources */ = {isa = PBXBuildFile; fileRef = B4B8D4630E96A0810081A648 /* RPSNetwork.m */; };
		B4B8D4720E96A0810081A648 /* RPSNetworkPeer.m in Sources */ = {isa = PBXBuildFile; fileRef = B4B8D4650E96A0810081A648 /* RPSNetworkPeer.m */; };
		B4B8D4730E96A0810081A648 /* RPSNetworkPeersList.m in Sources */ = {isa = PBXBuildFile; fileRef = B4B8D4670E96A0810081A648 /* RPSNetworkPeersList.m */; };
		B4B8D4740E96A0810081A648 /* SKPReachability.m in Sources */ = {isa = PBXBuildFile; fileRef = B4B8D4690E96A0810081A648 /* SKPReachability.m */; };
		B4B8D4750E96A0810081A648 /* UITableView+RPSAdditions.m in Sources */ = {isa = PBXBuildFile; fileRef = B4B8D46B0E96A0810081A648 /* UITableView+RPSAdditions.m */; };
		B4B8D4AF0E96A1B30081A648 /* BrowserViewController.xib in Resources */ = {isa = PBXBuildFile; fileRef = B4B8D4AE0E96A1B30081A648 /* BrowserViewController.xib */; };
		B4B8D5D20E96BF6B0081A648 /* defaultavatar.png in Resources */ = {isa = PBXBuildFile; fileRef = B4B8D5D10E96BF6B0081A648 /* defaultavatar.png */; };
		F126E5740E93636C00A90577 /* UIImage+ThumbnailExtensions.m in Sources */ = {isa = PBXBuildFile; fileRef = F126E5730E93636C00A90577 /* UIImage+ThumbnailExtensions.m */; };
		F141DEBA0E8FB61E00B854A9 /* TouchDebugging.m in Sources */ = {isa = PBXBuildFile; fileRef = F141DEB90E8FB61E00B854A9 /* TouchDebugging.m */; };
		F14CBED50E9ABF9600FA768E /* Done.png in Resources */ = {isa = PBXBuildFile; fileRef = F14CBED40E9ABF9600FA768E /* Done.png */; };
		F14CBEF00E9AC1D500FA768E /* Wrench.png in Resources */ = {isa = PBXBuildFile; fileRef = F14CBEEF0E9AC1D500FA768E /* Wrench.png */; };
		F153CDE50EA150BC00ACAD1C /* NSData+CocoaDevUsersAdditions.m in Sources */ = {isa = PBXBuildFile; fileRef = F153CDE40EA150BC00ACAD1C /* NSData+CocoaDevUsersAdditions.m */; };
		F153CDE80EA150D600ACAD1C /* libz.dylib in Frameworks */ = {isa = PBXBuildFile; fileRef = F153CDE70EA150D600ACAD1C /* libz.dylib */; };
		F1778F030E9C578A006CAEF9 /* HSKNavigationController.m in Sources */ = {isa = PBXBuildFile; fileRef = F1778F020E9C578A006CAEF9 /* HSKNavigationController.m */; };
		F178B2CA0E9D89EF003B91D2 /* Tower.png in Resources */ = {isa = PBXBuildFile; fileRef = F178B2C90E9D89EF003B91D2 /* Tower.png */; };
		F178B2F00E9D8CE5003B91D2 /* Default.png in Resources */ = {isa = PBXBuildFile; fileRef = F178B2EF0E9D8CE5003B91D2 /* Default.png */; };
		F178B7EB0EA0FD7F001BCAA8 /* SKPNetImageCache.m in Sources */ = {isa = PBXBuildFile; fileRef = F178B7EA0EA0FD7F001BCAA8 /* SKPNetImageCache.m */; };
		F178B7EE0EA10417001BCAA8 /* SKPNetImageCacheLoadRequest.m in Sources */ = {isa = PBXBuildFile; fileRef = F178B7ED0EA10417001BCAA8 /* SKPNetImageCacheLoadRequest.m */; };
		F17972C00E92E3470031A296 /* SystemConfiguration.framework in Frameworks */ = {isa = PBXBuildFile; fileRef = F17972BF0E92E3470031A296 /* SystemConfiguration.framework */; };
		F17972C50E92E3530031A296 /* CoreLocation.framework in Frameworks */ = {isa = PBXBuildFile; fileRef = F17972C40E92E3530031A296 /* CoreLocation.framework */; };
		F193AB9C0E98C06200217B58 /* HSKUnknownPersonViewController.m in Sources */ = {isa = PBXBuildFile; fileRef = F193AB9B0E98C06200217B58 /* HSKUnknownPersonViewController.m */; };
		F1A9C0F10E998DC3004479DD /* PicturePreviewViewController.xib in Resources */ = {isa = PBXBuildFile; fileRef = F1A9C0F00E998DC3004479DD /* PicturePreviewViewController.xib */; };
		F1A9C1070E998E41004479DD /* HSKPicturePreviewViewController.m in Sources */ = {isa = PBXBuildFile; fileRef = F1A9C1060E998E41004479DD /* HSKPicturePreviewViewController.m */; };
		F1D9556C0E9E8ED500D1EA9E /* HelpCircle.png in Resources */ = {isa = PBXBuildFile; fileRef = F1D9556B0E9E8ED500D1EA9E /* HelpCircle.png */; };
		F1F754650EA7CDB300AB7481 /* libPinchAnalytics.a in Frameworks */ = {isa = PBXBuildFile; fileRef = F1F754640EA7CDB300AB7481 /* libPinchAnalytics.a */; };
		F1F754760EA7CE4F00AB7481 /* main.m in Sources */ = {isa = PBXBuildFile; fileRef = 29B97316FDCFA39411CA2CEA /* main.m */; };
		F1F754770EA7CE4F00AB7481 /* HSKAppDelegate.m in Sources */ = {isa = PBXBuildFile; fileRef = 1D3623250D0F684500981E51 /* HSKAppDelegate.m */; };
		F1F754780EA7CE4F00AB7481 /* HSKMainViewController.m in Sources */ = {isa = PBXBuildFile; fileRef = 28D7ACF70DDB3853001CB0EB /* HSKMainViewController.m */; };
		F1F754790EA7CE4F00AB7481 /* TouchDebugging.m in Sources */ = {isa = PBXBuildFile; fileRef = F141DEB90E8FB61E00B854A9 /* TouchDebugging.m */; };
		F1F7547A0EA7CE4F00AB7481 /* NSString+SKPPhoneAdditions.m in Sources */ = {isa = PBXBuildFile; fileRef = B4381F3E0E9001DA003B6E59 /* NSString+SKPPhoneAdditions.m */; };
		F1F7547B0EA7CE4F00AB7481 /* CDataScanner.m in Sources */ = {isa = PBXBuildFile; fileRef = B49C63320E92D779009CC451 /* CDataScanner.m */; };
		F1F7547C0EA7CE4F00AB7481 /* CDataScanner_Extensions.m in Sources */ = {isa = PBXBuildFile; fileRef = B49C63350E92D782009CC451 /* CDataScanner_Extensions.m */; };
		F1F7547D0EA7CE4F00AB7481 /* NSCharacterSet_Extensions.m in Sources */ = {isa = PBXBuildFile; fileRef = B49C63370E92D782009CC451 /* NSCharacterSet_Extensions.m */; };
		F1F7547E0EA7CE4F00AB7481 /* NSDictionary_JSONExtensions.m in Sources */ = {isa = PBXBuildFile; fileRef = B49C63390E92D782009CC451 /* NSDictionary_JSONExtensions.m */; };
		F1F7547F0EA7CE4F00AB7481 /* NSScanner_Extensions.m in Sources */ = {isa = PBXBuildFile; fileRef = B49C633B0E92D782009CC451 /* NSScanner_Extensions.m */; };
		F1F754800EA7CE4F00AB7481 /* CJSONDeserializer.m in Sources */ = {isa = PBXBuildFile; fileRef = B49C63410E92D790009CC451 /* CJSONDeserializer.m */; };
		F1F754810EA7CE4F00AB7481 /* CJSONScanner.m in Sources */ = {isa = PBXBuildFile; fileRef = B49C63430E92D790009CC451 /* CJSONScanner.m */; };
		F1F754820EA7CE4F00AB7481 /* CJSONSerializer.m in Sources */ = {isa = PBXBuildFile; fileRef = B49C63450E92D790009CC451 /* CJSONSerializer.m */; };
		F1F754830EA7CE4F00AB7481 /* UIImage+ThumbnailExtensions.m in Sources */ = {isa = PBXBuildFile; fileRef = F126E5730E93636C00A90577 /* UIImage+ThumbnailExtensions.m */; };
		F1F754840EA7CE4F00AB7481 /* Base64Transcoder.m in Sources */ = {isa = PBXBuildFile; fileRef = B4B8D4590E96A0810081A648 /* Base64Transcoder.m */; };
		F1F754850EA7CE4F00AB7481 /* NSData+Base64Additions.m in Sources */ = {isa = PBXBuildFile; fileRef = B4B8D45B0E96A0810081A648 /* NSData+Base64Additions.m */; };
		F1F754860EA7CE4F00AB7481 /* NSString+SKPURLAdditions.m in Sources */ = {isa = PBXBuildFile; fileRef = B4B8D45D0E96A0810081A648 /* NSString+SKPURLAdditions.m */; };
		F1F754870EA7CE4F00AB7481 /* NSURLConnection+SKPAdditions.m in Sources */ = {isa = PBXBuildFile; fileRef = B4B8D45F0E96A0810081A648 /* NSURLConnection+SKPAdditions.m */; };
		F1F754880EA7CE4F00AB7481 /* RPSBrowserViewController.m in Sources */ = {isa = PBXBuildFile; fileRef = B4B8D4610E96A0810081A648 /* RPSBrowserViewController.m */; };
		F1F754890EA7CE4F00AB7481 /* RPSNetwork.m in Sources */ = {isa = PBXBuildFile; fileRef = B4B8D4630E96A0810081A648 /* RPSNetwork.m */; };
		F1F7548A0EA7CE4F00AB7481 /* RPSNetworkPeer.m in Sources */ = {isa = PBXBuildFile; fileRef = B4B8D4650E96A0810081A648 /* RPSNetworkPeer.m */; };
		F1F7548B0EA7CE4F00AB7481 /* RPSNetworkPeersList.m in Sources */ = {isa = PBXBuildFile; fileRef = B4B8D4670E96A0810081A648 /* RPSNetworkPeersList.m */; };
		F1F7548C0EA7CE4F00AB7481 /* SKPReachability.m in Sources */ = {isa = PBXBuildFile; fileRef = B4B8D4690E96A0810081A648 /* SKPReachability.m */; };
		F1F7548D0EA7CE4F00AB7481 /* UITableView+RPSAdditions.m in Sources */ = {isa = PBXBuildFile; fileRef = B4B8D46B0E96A0810081A648 /* UITableView+RPSAdditions.m */; };
		F1F7548E0EA7CE4F00AB7481 /* HSKUnknownPersonViewController.m in Sources */ = {isa = PBXBuildFile; fileRef = F193AB9B0E98C06200217B58 /* HSKUnknownPersonViewController.m */; };
		F1F7548F0EA7CE4F00AB7481 /* HSKFlipsideController.m in Sources */ = {isa = PBXBuildFile; fileRef = B487A2A60E9962E900E037F6 /* HSKFlipsideController.m */; };
		F1F754900EA7CE4F00AB7481 /* HSKPicturePreviewViewController.m in Sources */ = {isa = PBXBuildFile; fileRef = F1A9C1060E998E41004479DD /* HSKPicturePreviewViewController.m */; };
		F1F754910EA7CE4F00AB7481 /* HSKNavigationController.m in Sources */ = {isa = PBXBuildFile; fileRef = F1778F020E9C578A006CAEF9 /* HSKNavigationController.m */; };
		F1F754920EA7CE4F00AB7481 /* SKPNetImageCache.m in Sources */ = {isa = PBXBuildFile; fileRef = F178B7EA0EA0FD7F001BCAA8 /* SKPNetImageCache.m */; };
		F1F754930EA7CE4F00AB7481 /* SKPNetImageCacheLoadRequest.m in Sources */ = {isa = PBXBuildFile; fileRef = F178B7ED0EA10417001BCAA8 /* SKPNetImageCacheLoadRequest.m */; };
		F1F754940EA7CE4F00AB7481 /* NSData+CocoaDevUsersAdditions.m in Sources */ = {isa = PBXBuildFile; fileRef = F153CDE40EA150BC00ACAD1C /* NSData+CocoaDevUsersAdditions.m */; };
		F1F754960EA7CE4F00AB7481 /* Foundation.framework in Frameworks */ = {isa = PBXBuildFile; fileRef = 1D30AB110D05D00D00671497 /* Foundation.framework */; };
		F1F754970EA7CE4F00AB7481 /* UIKit.framework in Frameworks */ = {isa = PBXBuildFile; fileRef = 1DF5F4DF0D08C38300B7A737 /* UIKit.framework */; };
		F1F754980EA7CE4F00AB7481 /* CoreGraphics.framework in Frameworks */ = {isa = PBXBuildFile; fileRef = 288765A40DF7441C002DB57D /* CoreGraphics.framework */; };
		F1F754990EA7CE4F00AB7481 /* AddressBook.framework in Frameworks */ = {isa = PBXBuildFile; fileRef = B44F07D60E8B76770046BC7D /* AddressBook.framework */; };
		F1F7549A0EA7CE4F00AB7481 /* AddressBookUI.framework in Frameworks */ = {isa = PBXBuildFile; fileRef = B44F07DA0E8B767B0046BC7D /* AddressBookUI.framework */; };
		F1F7549B0EA7CE4F00AB7481 /* SystemConfiguration.framework in Frameworks */ = {isa = PBXBuildFile; fileRef = F17972BF0E92E3470031A296 /* SystemConfiguration.framework */; };
		F1F7549C0EA7CE4F00AB7481 /* CoreLocation.framework in Frameworks */ = {isa = PBXBuildFile; fileRef = F17972C40E92E3530031A296 /* CoreLocation.framework */; };
		F1F7549D0EA7CE4F00AB7481 /* libz.dylib in Frameworks */ = {isa = PBXBuildFile; fileRef = F153CDE70EA150D600ACAD1C /* libz.dylib */; };
		F1F7549E0EA7CE4F00AB7481 /* QuartzCore.framework in Frameworks */ = {isa = PBXBuildFile; fileRef = B4349CD00EA690AB00D021F6 /* QuartzCore.framework */; };
		F1F754A10EA7CE4F00AB7481 /* MainWindow.xib in Resources */ = {isa = PBXBuildFile; fileRef = 28AD733E0D9D9553002E5188 /* MainWindow.xib */; };
		F1F754A20EA7CE4F00AB7481 /* MainViewController.xib in Resources */ = {isa = PBXBuildFile; fileRef = 2899E5210DE3E06400AC0155 /* MainViewController.xib */; };
		F1F754A30EA7CE4F00AB7481 /* pict.png in Resources */ = {isa = PBXBuildFile; fileRef = B432D1CA0E8D814100DD6D26 /* pict.png */; };
		F1F754A40EA7CE4F00AB7481 /* vcard.png in Resources */ = {isa = PBXBuildFile; fileRef = B432D1CB0E8D814100DD6D26 /* vcard.png */; };
		F1F754A50EA7CE4F00AB7481 /* ab.png in Resources */ = {isa = PBXBuildFile; fileRef = B432D1CC0E8D814100DD6D26 /* ab.png */; };
		F1F754A60EA7CE4F00AB7481 /* NetworkSettings.plist in Resources */ = {isa = PBXBuildFile; fileRef = B49C63520E92DAA2009CC451 /* NetworkSettings.plist */; };
		F1F754A70EA7CE4F00AB7481 /* BrowserViewController.xib in Resources */ = {isa = PBXBuildFile; fileRef = B4B8D4AE0E96A1B30081A648 /* BrowserViewController.xib */; };
		F1F754A80EA7CE4F00AB7481 /* defaultavatar.png in Resources */ = {isa = PBXBuildFile; fileRef = B4B8D5D10E96BF6B0081A648 /* defaultavatar.png */; };
		F1F754A90EA7CE4F00AB7481 /* PicturePreviewViewController.xib in Resources */ = {isa = PBXBuildFile; fileRef = F1A9C0F00E998DC3004479DD /* PicturePreviewViewController.xib */; };
		F1F754AA0EA7CE4F00AB7481 /* Done.png in Resources */ = {isa = PBXBuildFile; fileRef = F14CBED40E9ABF9600FA768E /* Done.png */; };
		F1F754AB0EA7CE4F00AB7481 /* Wrench.png in Resources */ = {isa = PBXBuildFile; fileRef = F14CBEEF0E9AC1D500FA768E /* Wrench.png */; };
		F1F754AC0EA7CE4F00AB7481 /* IconPremium.png in Resources */ = {isa = PBXBuildFile; fileRef = B47DDCFF0E9B1A3D0081D23A /* IconPremium.png */; };
		F1F754AD0EA7CE4F00AB7481 /* Tower.png in Resources */ = {isa = PBXBuildFile; fileRef = F178B2C90E9D89EF003B91D2 /* Tower.png */; };
		F1F754AE0EA7CE4F00AB7481 /* Default.png in Resources */ = {isa = PBXBuildFile; fileRef = F178B2EF0E9D8CE5003B91D2 /* Default.png */; };
		F1F754AF0EA7CE4F00AB7481 /* HelpCircle.png in Resources */ = {isa = PBXBuildFile; fileRef = F1D9556B0E9E8ED500D1EA9E /* HelpCircle.png */; };
		F1F754B10EA7CE4F00AB7481 /* webBackground.jpg in Resources */ = {isa = PBXBuildFile; fileRef = B4349E0C0EA6A12400D021F6 /* webBackground.jpg */; };
		F1F754C50EA7CEB800AB7481 /* libPinchAnalytics.a in Frameworks */ = {isa = PBXBuildFile; fileRef = F1F754C40EA7CEB800AB7481 /* libPinchAnalytics.a */; };
		F1F754F10EA7D0C800AB7481 /* IconFree.png in Resources */ = {isa = PBXBuildFile; fileRef = F1F754F00EA7D0C800AB7481 /* IconFree.png */; };
/* End PBXBuildFile section */

/* Begin PBXContainerItemProxy section */
		F1F754BD0EA7CE7200AB7481 /* PBXContainerItemProxy */ = {
			isa = PBXContainerItemProxy;
			containerPortal = 29B97313FDCFA39411CA2CEA /* Project object */;
			proxyType = 1;
			remoteGlobalIDString = 1D6058900D05DD3D006BFB54;
			remoteInfo = Handshake;
		};
		F1F754BF0EA7CE7400AB7481 /* PBXContainerItemProxy */ = {
			isa = PBXContainerItemProxy;
			containerPortal = 29B97313FDCFA39411CA2CEA /* Project object */;
			proxyType = 1;
			remoteGlobalIDString = F1F754740EA7CE4F00AB7481;
			remoteInfo = HandshakePremium;
		};
/* End PBXContainerItemProxy section */

/* Begin PBXFileReference section */
		1D30AB110D05D00D00671497 /* Foundation.framework */ = {isa = PBXFileReference; lastKnownFileType = wrapper.framework; name = Foundation.framework; path = System/Library/Frameworks/Foundation.framework; sourceTree = SDKROOT; };
		1D3623240D0F684500981E51 /* HSKAppDelegate.h */ = {isa = PBXFileReference; fileEncoding = 4; lastKnownFileType = sourcecode.c.h; path = HSKAppDelegate.h; sourceTree = "<group>"; };
		1D3623250D0F684500981E51 /* HSKAppDelegate.m */ = {isa = PBXFileReference; fileEncoding = 4; lastKnownFileType = sourcecode.c.objc; path = HSKAppDelegate.m; sourceTree = "<group>"; };
		1D6058910D05DD3D006BFB54 /* HandshakeFree.app */ = {isa = PBXFileReference; explicitFileType = wrapper.application; includeInIndex = 0; path = HandshakeFree.app; sourceTree = BUILT_PRODUCTS_DIR; };
		1DF5F4DF0D08C38300B7A737 /* UIKit.framework */ = {isa = PBXFileReference; lastKnownFileType = wrapper.framework; name = UIKit.framework; path = System/Library/Frameworks/UIKit.framework; sourceTree = SDKROOT; };
		288765A40DF7441C002DB57D /* CoreGraphics.framework */ = {isa = PBXFileReference; lastKnownFileType = wrapper.framework; name = CoreGraphics.framework; path = System/Library/Frameworks/CoreGraphics.framework; sourceTree = SDKROOT; };
		2899E5210DE3E06400AC0155 /* MainViewController.xib */ = {isa = PBXFileReference; lastKnownFileType = file.xib; path = MainViewController.xib; sourceTree = "<group>"; };
		28AD733E0D9D9553002E5188 /* MainWindow.xib */ = {isa = PBXFileReference; lastKnownFileType = file.xib; path = MainWindow.xib; sourceTree = "<group>"; };
		28D7ACF60DDB3853001CB0EB /* HSKMainViewController.h */ = {isa = PBXFileReference; fileEncoding = 4; lastKnownFileType = sourcecode.c.h; path = HSKMainViewController.h; sourceTree = "<group>"; };
		28D7ACF70DDB3853001CB0EB /* HSKMainViewController.m */ = {isa = PBXFileReference; fileEncoding = 4; lastKnownFileType = sourcecode.c.objc; path = HSKMainViewController.m; sourceTree = "<group>"; };
		29B97316FDCFA39411CA2CEA /* main.m */ = {isa = PBXFileReference; fileEncoding = 4; lastKnownFileType = sourcecode.c.objc; path = main.m; sourceTree = "<group>"; };
		32CA4F630368D1EE00C91783 /* Handshake_Prefix.pch */ = {isa = PBXFileReference; fileEncoding = 4; lastKnownFileType = sourcecode.c.h; path = Handshake_Prefix.pch; sourceTree = "<group>"; };
		8D1107310486CEB800E47090 /* Info-HandshakeFree.plist */ = {isa = PBXFileReference; fileEncoding = 4; lastKnownFileType = text.plist.xml; path = "Info-HandshakeFree.plist"; sourceTree = "<group>"; };
		B421ACDE0EA7F3390010A462 /* HSKAboutViewController.h */ = {isa = PBXFileReference; fileEncoding = 4; lastKnownFileType = sourcecode.c.h; path = HSKAboutViewController.h; sourceTree = "<group>"; };
		B421ACDF0EA7F3390010A462 /* HSKAboutViewController.m */ = {isa = PBXFileReference; fileEncoding = 4; lastKnownFileType = sourcecode.c.objc; path = HSKAboutViewController.m; sourceTree = "<group>"; };
		B421ADE30EA7FDA20010A462 /* libsqlite3.dylib */ = {isa = PBXFileReference; lastKnownFileType = "compiled.mach-o.dylib"; name = libsqlite3.dylib; path = usr/lib/libsqlite3.dylib; sourceTree = SDKROOT; };
		B432D1CA0E8D814100DD6D26 /* pict.png */ = {isa = PBXFileReference; lastKnownFileType = image.png; path = pict.png; sourceTree = "<group>"; };
		B432D1CB0E8D814100DD6D26 /* vcard.png */ = {isa = PBXFileReference; lastKnownFileType = image.png; path = vcard.png; sourceTree = "<group>"; };
		B432D1CC0E8D814100DD6D26 /* ab.png */ = {isa = PBXFileReference; lastKnownFileType = image.png; path = ab.png; sourceTree = "<group>"; };
		B4349CD00EA690AB00D021F6 /* QuartzCore.framework */ = {isa = PBXFileReference; lastKnownFileType = wrapper.framework; name = QuartzCore.framework; path = System/Library/Frameworks/QuartzCore.framework; sourceTree = SDKROOT; };
		B4349E0C0EA6A12400D021F6 /* webBackground.jpg */ = {isa = PBXFileReference; lastKnownFileType = image.jpeg; path = webBackground.jpg; sourceTree = "<group>"; };
		B4349FEE0EA7D9D700D021F6 /* skorp.png */ = {isa = PBXFileReference; lastKnownFileType = image.png; path = skorp.png; sourceTree = "<group>"; };
		B4349FEF0EA7D9D700D021F6 /* about.xib */ = {isa = PBXFileReference; lastKnownFileType = file.xib; path = about.xib; sourceTree = "<group>"; };
		B4349FF00EA7D9D700D021F6 /* dfsw.png */ = {isa = PBXFileReference; lastKnownFileType = image.png; path = dfsw.png; sourceTree = "<group>"; };
		B4349FF10EA7D9D700D021F6 /* gethandshake.png */ = {isa = PBXFileReference; lastKnownFileType = image.png; path = gethandshake.png; sourceTree = "<group>"; };
		B4381F3D0E9001DA003B6E59 /* NSString+SKPPhoneAdditions.h */ = {isa = PBXFileReference; fileEncoding = 4; lastKnownFileType = sourcecode.c.h; path = "NSString+SKPPhoneAdditions.h"; sourceTree = "<group>"; };
		B4381F3E0E9001DA003B6E59 /* NSString+SKPPhoneAdditions.m */ = {isa = PBXFileReference; fileEncoding = 4; lastKnownFileType = sourcecode.c.objc; path = "NSString+SKPPhoneAdditions.m"; sourceTree = "<group>"; };
		B44F07D60E8B76770046BC7D /* AddressBook.framework */ = {isa = PBXFileReference; lastKnownFileType = wrapper.framework; name = AddressBook.framework; path = System/Library/Frameworks/AddressBook.framework; sourceTree = SDKROOT; };
		B44F07DA0E8B767B0046BC7D /* AddressBookUI.framework */ = {isa = PBXFileReference; lastKnownFileType = wrapper.framework; name = AddressBookUI.framework; path = System/Library/Frameworks/AddressBookUI.framework; sourceTree = SDKROOT; };
		B47DDCFF0E9B1A3D0081D23A /* IconPremium.png */ = {isa = PBXFileReference; lastKnownFileType = image.png; path = IconPremium.png; sourceTree = "<group>"; };
		B487A2A50E9962E900E037F6 /* HSKFlipsideController.h */ = {isa = PBXFileReference; fileEncoding = 4; lastKnownFileType = sourcecode.c.h; path = HSKFlipsideController.h; sourceTree = "<group>"; };
		B487A2A60E9962E900E037F6 /* HSKFlipsideController.m */ = {isa = PBXFileReference; fileEncoding = 4; lastKnownFileType = sourcecode.c.objc; path = HSKFlipsideController.m; sourceTree = "<group>"; };
		B49C63310E92D779009CC451 /* CDataScanner.h */ = {isa = PBXFileReference; fileEncoding = 4; lastKnownFileType = sourcecode.c.h; path = CDataScanner.h; sourceTree = "<group>"; };
		B49C63320E92D779009CC451 /* CDataScanner.m */ = {isa = PBXFileReference; fileEncoding = 4; lastKnownFileType = sourcecode.c.objc; path = CDataScanner.m; sourceTree = "<group>"; };
		B49C63340E92D782009CC451 /* CDataScanner_Extensions.h */ = {isa = PBXFileReference; fileEncoding = 4; lastKnownFileType = sourcecode.c.h; name = CDataScanner_Extensions.h; path = Extensions/CDataScanner_Extensions.h; sourceTree = "<group>"; };
		B49C63350E92D782009CC451 /* CDataScanner_Extensions.m */ = {isa = PBXFileReference; fileEncoding = 4; lastKnownFileType = sourcecode.c.objc; name = CDataScanner_Extensions.m; path = Extensions/CDataScanner_Extensions.m; sourceTree = "<group>"; };
		B49C63360E92D782009CC451 /* NSCharacterSet_Extensions.h */ = {isa = PBXFileReference; fileEncoding = 4; lastKnownFileType = sourcecode.c.h; name = NSCharacterSet_Extensions.h; path = Extensions/NSCharacterSet_Extensions.h; sourceTree = "<group>"; };
		B49C63370E92D782009CC451 /* NSCharacterSet_Extensions.m */ = {isa = PBXFileReference; fileEncoding = 4; lastKnownFileType = sourcecode.c.objc; name = NSCharacterSet_Extensions.m; path = Extensions/NSCharacterSet_Extensions.m; sourceTree = "<group>"; };
		B49C63380E92D782009CC451 /* NSDictionary_JSONExtensions.h */ = {isa = PBXFileReference; fileEncoding = 4; lastKnownFileType = sourcecode.c.h; name = NSDictionary_JSONExtensions.h; path = Extensions/NSDictionary_JSONExtensions.h; sourceTree = "<group>"; };
		B49C63390E92D782009CC451 /* NSDictionary_JSONExtensions.m */ = {isa = PBXFileReference; fileEncoding = 4; lastKnownFileType = sourcecode.c.objc; name = NSDictionary_JSONExtensions.m; path = Extensions/NSDictionary_JSONExtensions.m; sourceTree = "<group>"; };
		B49C633A0E92D782009CC451 /* NSScanner_Extensions.h */ = {isa = PBXFileReference; fileEncoding = 4; lastKnownFileType = sourcecode.c.h; name = NSScanner_Extensions.h; path = Extensions/NSScanner_Extensions.h; sourceTree = "<group>"; };
		B49C633B0E92D782009CC451 /* NSScanner_Extensions.m */ = {isa = PBXFileReference; fileEncoding = 4; lastKnownFileType = sourcecode.c.objc; name = NSScanner_Extensions.m; path = Extensions/NSScanner_Extensions.m; sourceTree = "<group>"; };
		B49C63400E92D790009CC451 /* CJSONDeserializer.h */ = {isa = PBXFileReference; fileEncoding = 4; lastKnownFileType = sourcecode.c.h; name = CJSONDeserializer.h; path = JSON/CJSONDeserializer.h; sourceTree = "<group>"; };
		B49C63410E92D790009CC451 /* CJSONDeserializer.m */ = {isa = PBXFileReference; fileEncoding = 4; lastKnownFileType = sourcecode.c.objc; name = CJSONDeserializer.m; path = JSON/CJSONDeserializer.m; sourceTree = "<group>"; };
		B49C63420E92D790009CC451 /* CJSONScanner.h */ = {isa = PBXFileReference; fileEncoding = 4; lastKnownFileType = sourcecode.c.h; name = CJSONScanner.h; path = JSON/CJSONScanner.h; sourceTree = "<group>"; };
		B49C63430E92D790009CC451 /* CJSONScanner.m */ = {isa = PBXFileReference; fileEncoding = 4; lastKnownFileType = sourcecode.c.objc; name = CJSONScanner.m; path = JSON/CJSONScanner.m; sourceTree = "<group>"; };
		B49C63440E92D790009CC451 /* CJSONSerializer.h */ = {isa = PBXFileReference; fileEncoding = 4; lastKnownFileType = sourcecode.c.h; name = CJSONSerializer.h; path = JSON/CJSONSerializer.h; sourceTree = "<group>"; };
		B49C63450E92D790009CC451 /* CJSONSerializer.m */ = {isa = PBXFileReference; fileEncoding = 4; lastKnownFileType = sourcecode.c.objc; name = CJSONSerializer.m; path = JSON/CJSONSerializer.m; sourceTree = "<group>"; };
		B49C63520E92DAA2009CC451 /* NetworkSettings.plist */ = {isa = PBXFileReference; fileEncoding = 4; lastKnownFileType = text.plist.xml; path = NetworkSettings.plist; sourceTree = "<group>"; };
		B4B8D4580E96A0810081A648 /* Base64Transcoder.h */ = {isa = PBXFileReference; fileEncoding = 4; lastKnownFileType = sourcecode.c.h; path = Base64Transcoder.h; sourceTree = "<group>"; };
		B4B8D4590E96A0810081A648 /* Base64Transcoder.m */ = {isa = PBXFileReference; fileEncoding = 4; lastKnownFileType = sourcecode.c.objc; path = Base64Transcoder.m; sourceTree = "<group>"; };
		B4B8D45A0E96A0810081A648 /* NSData+Base64Additions.h */ = {isa = PBXFileReference; fileEncoding = 4; lastKnownFileType = sourcecode.c.h; path = "NSData+Base64Additions.h"; sourceTree = "<group>"; };
		B4B8D45B0E96A0810081A648 /* NSData+Base64Additions.m */ = {isa = PBXFileReference; fileEncoding = 4; lastKnownFileType = sourcecode.c.objc; path = "NSData+Base64Additions.m"; sourceTree = "<group>"; };
		B4B8D45C0E96A0810081A648 /* NSString+SKPURLAdditions.h */ = {isa = PBXFileReference; fileEncoding = 4; lastKnownFileType = sourcecode.c.h; path = "NSString+SKPURLAdditions.h"; sourceTree = "<group>"; };
		B4B8D45D0E96A0810081A648 /* NSString+SKPURLAdditions.m */ = {isa = PBXFileReference; fileEncoding = 4; lastKnownFileType = sourcecode.c.objc; path = "NSString+SKPURLAdditions.m"; sourceTree = "<group>"; };
		B4B8D45E0E96A0810081A648 /* NSURLConnection+SKPAdditions.h */ = {isa = PBXFileReference; fileEncoding = 4; lastKnownFileType = sourcecode.c.h; path = "NSURLConnection+SKPAdditions.h"; sourceTree = "<group>"; };
		B4B8D45F0E96A0810081A648 /* NSURLConnection+SKPAdditions.m */ = {isa = PBXFileReference; fileEncoding = 4; lastKnownFileType = sourcecode.c.objc; path = "NSURLConnection+SKPAdditions.m"; sourceTree = "<group>"; };
		B4B8D4600E96A0810081A648 /* RPSBrowserViewController.h */ = {isa = PBXFileReference; fileEncoding = 4; lastKnownFileType = sourcecode.c.h; path = RPSBrowserViewController.h; sourceTree = "<group>"; };
		B4B8D4610E96A0810081A648 /* RPSBrowserViewController.m */ = {isa = PBXFileReference; fileEncoding = 4; lastKnownFileType = sourcecode.c.objc; path = RPSBrowserViewController.m; sourceTree = "<group>"; };
		B4B8D4620E96A0810081A648 /* RPSNetwork.h */ = {isa = PBXFileReference; fileEncoding = 4; lastKnownFileType = sourcecode.c.h; path = RPSNetwork.h; sourceTree = "<group>"; };
		B4B8D4630E96A0810081A648 /* RPSNetwork.m */ = {isa = PBXFileReference; fileEncoding = 4; lastKnownFileType = sourcecode.c.objc; path = RPSNetwork.m; sourceTree = "<group>"; };
		B4B8D4640E96A0810081A648 /* RPSNetworkPeer.h */ = {isa = PBXFileReference; fileEncoding = 4; lastKnownFileType = sourcecode.c.h; path = RPSNetworkPeer.h; sourceTree = "<group>"; };
		B4B8D4650E96A0810081A648 /* RPSNetworkPeer.m */ = {isa = PBXFileReference; fileEncoding = 4; lastKnownFileType = sourcecode.c.objc; path = RPSNetworkPeer.m; sourceTree = "<group>"; };
		B4B8D4660E96A0810081A648 /* RPSNetworkPeersList.h */ = {isa = PBXFileReference; fileEncoding = 4; lastKnownFileType = sourcecode.c.h; path = RPSNetworkPeersList.h; sourceTree = "<group>"; };
		B4B8D4670E96A0810081A648 /* RPSNetworkPeersList.m */ = {isa = PBXFileReference; fileEncoding = 4; lastKnownFileType = sourcecode.c.objc; path = RPSNetworkPeersList.m; sourceTree = "<group>"; };
		B4B8D4680E96A0810081A648 /* SKPReachability.h */ = {isa = PBXFileReference; fileEncoding = 4; lastKnownFileType = sourcecode.c.h; path = SKPReachability.h; sourceTree = "<group>"; };
		B4B8D4690E96A0810081A648 /* SKPReachability.m */ = {isa = PBXFileReference; fileEncoding = 4; lastKnownFileType = sourcecode.c.objc; path = SKPReachability.m; sourceTree = "<group>"; };
		B4B8D46A0E96A0810081A648 /* UITableView+RPSAdditions.h */ = {isa = PBXFileReference; fileEncoding = 4; lastKnownFileType = sourcecode.c.h; path = "UITableView+RPSAdditions.h"; sourceTree = "<group>"; };
		B4B8D46B0E96A0810081A648 /* UITableView+RPSAdditions.m */ = {isa = PBXFileReference; fileEncoding = 4; lastKnownFileType = sourcecode.c.objc; path = "UITableView+RPSAdditions.m"; sourceTree = "<group>"; };
		B4B8D4AE0E96A1B30081A648 /* BrowserViewController.xib */ = {isa = PBXFileReference; lastKnownFileType = file.xib; name = BrowserViewController.xib; path = ../HalleyClient/Resources/BrowserViewController.xib; sourceTree = SOURCE_ROOT; };
		B4B8D5D10E96BF6B0081A648 /* defaultavatar.png */ = {isa = PBXFileReference; lastKnownFileType = image.png; path = defaultavatar.png; sourceTree = "<group>"; };
		F126E5720E93636C00A90577 /* UIImage+ThumbnailExtensions.h */ = {isa = PBXFileReference; fileEncoding = 4; lastKnownFileType = sourcecode.c.h; path = "UIImage+ThumbnailExtensions.h"; sourceTree = "<group>"; };
		F126E5730E93636C00A90577 /* UIImage+ThumbnailExtensions.m */ = {isa = PBXFileReference; fileEncoding = 4; lastKnownFileType = sourcecode.c.objc; path = "UIImage+ThumbnailExtensions.m"; sourceTree = "<group>"; };
		F141DEB80E8FB61E00B854A9 /* TouchDebugging.h */ = {isa = PBXFileReference; fileEncoding = 4; lastKnownFileType = sourcecode.c.h; path = TouchDebugging.h; sourceTree = "<group>"; };
		F141DEB90E8FB61E00B854A9 /* TouchDebugging.m */ = {isa = PBXFileReference; fileEncoding = 4; lastKnownFileType = sourcecode.c.objc; path = TouchDebugging.m; sourceTree = "<group>"; };
		F1428B400E9ACA2C0035D03B /* Entitlements.plist */ = {isa = PBXFileReference; fileEncoding = 4; lastKnownFileType = text.plist.xml; path = Entitlements.plist; sourceTree = "<group>"; };
		F14CBED40E9ABF9600FA768E /* Done.png */ = {isa = PBXFileReference; lastKnownFileType = image.png; path = Done.png; sourceTree = "<group>"; };
		F14CBEEF0E9AC1D500FA768E /* Wrench.png */ = {isa = PBXFileReference; lastKnownFileType = image.png; path = Wrench.png; sourceTree = "<group>"; };
		F153CDE30EA150BC00ACAD1C /* NSData+CocoaDevUsersAdditions.h */ = {isa = PBXFileReference; fileEncoding = 4; lastKnownFileType = sourcecode.c.h; path = "NSData+CocoaDevUsersAdditions.h"; sourceTree = "<group>"; };
		F153CDE40EA150BC00ACAD1C /* NSData+CocoaDevUsersAdditions.m */ = {isa = PBXFileReference; fileEncoding = 4; lastKnownFileType = sourcecode.c.objc; path = "NSData+CocoaDevUsersAdditions.m"; sourceTree = "<group>"; };
		F153CDE70EA150D600ACAD1C /* libz.dylib */ = {isa = PBXFileReference; lastKnownFileType = "compiled.mach-o.dylib"; name = libz.dylib; path = usr/lib/libz.dylib; sourceTree = SDKROOT; };
		F1778F010E9C578A006CAEF9 /* HSKNavigationController.h */ = {isa = PBXFileReference; fileEncoding = 4; lastKnownFileType = sourcecode.c.h; path = HSKNavigationController.h; sourceTree = "<group>"; };
		F1778F020E9C578A006CAEF9 /* HSKNavigationController.m */ = {isa = PBXFileReference; fileEncoding = 4; lastKnownFileType = sourcecode.c.objc; path = HSKNavigationController.m; sourceTree = "<group>"; };
		F178B2C90E9D89EF003B91D2 /* Tower.png */ = {isa = PBXFileReference; lastKnownFileType = image.png; path = Tower.png; sourceTree = "<group>"; };
		F178B2EF0E9D8CE5003B91D2 /* Default.png */ = {isa = PBXFileReference; lastKnownFileType = image.png; path = Default.png; sourceTree = "<group>"; };
		F178B7E90EA0FD7F001BCAA8 /* SKPNetImageCache.h */ = {isa = PBXFileReference; fileEncoding = 4; lastKnownFileType = sourcecode.c.h; path = SKPNetImageCache.h; sourceTree = "<group>"; };
		F178B7EA0EA0FD7F001BCAA8 /* SKPNetImageCache.m */ = {isa = PBXFileReference; fileEncoding = 4; lastKnownFileType = sourcecode.c.objc; path = SKPNetImageCache.m; sourceTree = "<group>"; };
		F178B7EC0EA10417001BCAA8 /* SKPNetImageCacheLoadRequest.h */ = {isa = PBXFileReference; fileEncoding = 4; lastKnownFileType = sourcecode.c.h; path = SKPNetImageCacheLoadRequest.h; sourceTree = "<group>"; };
		F178B7ED0EA10417001BCAA8 /* SKPNetImageCacheLoadRequest.m */ = {isa = PBXFileReference; fileEncoding = 4; lastKnownFileType = sourcecode.c.objc; path = SKPNetImageCacheLoadRequest.m; sourceTree = "<group>"; };
		F17972BF0E92E3470031A296 /* SystemConfiguration.framework */ = {isa = PBXFileReference; lastKnownFileType = wrapper.framework; name = SystemConfiguration.framework; path = System/Library/Frameworks/SystemConfiguration.framework; sourceTree = SDKROOT; };
		F17972C40E92E3530031A296 /* CoreLocation.framework */ = {isa = PBXFileReference; lastKnownFileType = wrapper.framework; name = CoreLocation.framework; path = System/Library/Frameworks/CoreLocation.framework; sourceTree = SDKROOT; };
		F193AB9A0E98C06200217B58 /* HSKUnknownPersonViewController.h */ = {isa = PBXFileReference; fileEncoding = 4; lastKnownFileType = sourcecode.c.h; path = HSKUnknownPersonViewController.h; sourceTree = "<group>"; };
		F193AB9B0E98C06200217B58 /* HSKUnknownPersonViewController.m */ = {isa = PBXFileReference; fileEncoding = 4; lastKnownFileType = sourcecode.c.objc; path = HSKUnknownPersonViewController.m; sourceTree = "<group>"; };
		F1A9C0F00E998DC3004479DD /* PicturePreviewViewController.xib */ = {isa = PBXFileReference; lastKnownFileType = file.xib; path = PicturePreviewViewController.xib; sourceTree = "<group>"; };
		F1A9C1050E998E41004479DD /* HSKPicturePreviewViewController.h */ = {isa = PBXFileReference; fileEncoding = 4; lastKnownFileType = sourcecode.c.h; path = HSKPicturePreviewViewController.h; sourceTree = "<group>"; };
		F1A9C1060E998E41004479DD /* HSKPicturePreviewViewController.m */ = {isa = PBXFileReference; fileEncoding = 4; lastKnownFileType = sourcecode.c.objc; path = HSKPicturePreviewViewController.m; sourceTree = "<group>"; };
		F1D9556B0E9E8ED500D1EA9E /* HelpCircle.png */ = {isa = PBXFileReference; lastKnownFileType = image.png; path = HelpCircle.png; sourceTree = "<group>"; };
		F1F754640EA7CDB300AB7481 /* libPinchAnalytics.a */ = {isa = PBXFileReference; lastKnownFileType = archive.ar; path = libPinchAnalytics.a; sourceTree = "<group>"; };
		F1F754670EA7CDC400AB7481 /* Beacon.h */ = {isa = PBXFileReference; fileEncoding = 4; lastKnownFileType = sourcecode.c.h; path = Beacon.h; sourceTree = "<group>"; };
		F1F754B60EA7CE4F00AB7481 /* HandshakePremium.app */ = {isa = PBXFileReference; explicitFileType = wrapper.application; includeInIndex = 0; path = HandshakePremium.app; sourceTree = BUILT_PRODUCTS_DIR; };
		F1F754B80EA7CE4F00AB7481 /* Info-HandshakePremium.plist */ = {isa = PBXFileReference; lastKnownFileType = text.plist.xml; path = "Info-HandshakePremium.plist"; sourceTree = "<group>"; };
		F1F754C40EA7CEB800AB7481 /* libPinchAnalytics.a */ = {isa = PBXFileReference; lastKnownFileType = archive.ar; path = libPinchAnalytics.a; sourceTree = "<group>"; };
		F1F754F00EA7D0C800AB7481 /* IconFree.png */ = {isa = PBXFileReference; lastKnownFileType = image.png; path = IconFree.png; sourceTree = "<group>"; };
/* End PBXFileReference section */

/* Begin PBXFrameworksBuildPhase section */
		1D60588F0D05DD3D006BFB54 /* Frameworks */ = {
			isa = PBXFrameworksBuildPhase;
			buildActionMask = 2147483647;
			files = (
				1D60589F0D05DD5A006BFB54 /* Foundation.framework in Frameworks */,
				1DF5F4E00D08C38300B7A737 /* UIKit.framework in Frameworks */,
				288765A50DF7441C002DB57D /* CoreGraphics.framework in Frameworks */,
				B44F07D70E8B76770046BC7D /* AddressBook.framework in Frameworks */,
				B44F07DB0E8B767B0046BC7D /* AddressBookUI.framework in Frameworks */,
				F17972C00E92E3470031A296 /* SystemConfiguration.framework in Frameworks */,
				F17972C50E92E3530031A296 /* CoreLocation.framework in Frameworks */,
				F153CDE80EA150D600ACAD1C /* libz.dylib in Frameworks */,
				B4349CD10EA690AB00D021F6 /* QuartzCore.framework in Frameworks */,
				F1F754650EA7CDB300AB7481 /* libPinchAnalytics.a in Frameworks */,
				B421ADE40EA7FDA20010A462 /* libsqlite3.dylib in Frameworks */,
			);
			runOnlyForDeploymentPostprocessing = 0;
		};
		F1F754950EA7CE4F00AB7481 /* Frameworks */ = {
			isa = PBXFrameworksBuildPhase;
			buildActionMask = 2147483647;
			files = (
				F1F754960EA7CE4F00AB7481 /* Foundation.framework in Frameworks */,
				F1F754970EA7CE4F00AB7481 /* UIKit.framework in Frameworks */,
				F1F754980EA7CE4F00AB7481 /* CoreGraphics.framework in Frameworks */,
				F1F754990EA7CE4F00AB7481 /* AddressBook.framework in Frameworks */,
				F1F7549A0EA7CE4F00AB7481 /* AddressBookUI.framework in Frameworks */,
				F1F7549B0EA7CE4F00AB7481 /* SystemConfiguration.framework in Frameworks */,
				F1F7549C0EA7CE4F00AB7481 /* CoreLocation.framework in Frameworks */,
				F1F7549D0EA7CE4F00AB7481 /* libz.dylib in Frameworks */,
				F1F7549E0EA7CE4F00AB7481 /* QuartzCore.framework in Frameworks */,
				F1F754C50EA7CEB800AB7481 /* libPinchAnalytics.a in Frameworks */,
				B421ADE60EA7FDB70010A462 /* libsqlite3.dylib in Frameworks */,
			);
			runOnlyForDeploymentPostprocessing = 0;
		};
/* End PBXFrameworksBuildPhase section */

/* Begin PBXGroup section */
		080E96DDFE201D6D7F000001 /* Classes */ = {
			isa = PBXGroup;
			children = (
				F1F754670EA7CDC400AB7481 /* Beacon.h */,
				F141DEB80E8FB61E00B854A9 /* TouchDebugging.h */,
				B487A2A50E9962E900E037F6 /* HSKFlipsideController.h */,
				B487A2A60E9962E900E037F6 /* HSKFlipsideController.m */,
				F141DEB90E8FB61E00B854A9 /* TouchDebugging.m */,
				1D3623240D0F684500981E51 /* HSKAppDelegate.h */,
				1D3623250D0F684500981E51 /* HSKAppDelegate.m */,
				28D7ACF60DDB3853001CB0EB /* HSKMainViewController.h */,
				28D7ACF70DDB3853001CB0EB /* HSKMainViewController.m */,
				F1778F010E9C578A006CAEF9 /* HSKNavigationController.h */,
				F1778F020E9C578A006CAEF9 /* HSKNavigationController.m */,
				F1A9C1050E998E41004479DD /* HSKPicturePreviewViewController.h */,
				F1A9C1060E998E41004479DD /* HSKPicturePreviewViewController.m */,
				F193AB9A0E98C06200217B58 /* HSKUnknownPersonViewController.h */,
				F193AB9B0E98C06200217B58 /* HSKUnknownPersonViewController.m */,
				B4381F3D0E9001DA003B6E59 /* NSString+SKPPhoneAdditions.h */,
				B4381F3E0E9001DA003B6E59 /* NSString+SKPPhoneAdditions.m */,
				F126E5720E93636C00A90577 /* UIImage+ThumbnailExtensions.h */,
				F126E5730E93636C00A90577 /* UIImage+ThumbnailExtensions.m */,
				B421ACDE0EA7F3390010A462 /* HSKAboutViewController.h */,
				B421ACDF0EA7F3390010A462 /* HSKAboutViewController.m */,
			);
			path = Classes;
			sourceTree = "<group>";
		};
		19C28FACFE9D520D11CA2CBB /* Products */ = {
			isa = PBXGroup;
			children = (
				1D6058910D05DD3D006BFB54 /* HandshakeFree.app */,
				F1F754B60EA7CE4F00AB7481 /* HandshakePremium.app */,
			);
			name = Products;
			sourceTree = "<group>";
		};
		29B97314FDCFA39411CA2CEA /* CustomTemplate */ = {
			isa = PBXGroup;
			children = (
				B49C63620E92E19B009CC451 /* Halley */,
				B49C63180E92D6BF009CC451 /* TouchJson */,
				080E96DDFE201D6D7F000001 /* Classes */,
				29B97315FDCFA39411CA2CEA /* Other Sources */,
				29B97317FDCFA39411CA2CEA /* Resources */,
				29B97323FDCFA39411CA2CEA /* Frameworks */,
				19C28FACFE9D520D11CA2CBB /* Products */,
				F1428B400E9ACA2C0035D03B /* Entitlements.plist */,
			);
			name = CustomTemplate;
			sourceTree = "<group>";
		};
		29B97315FDCFA39411CA2CEA /* Other Sources */ = {
			isa = PBXGroup;
			children = (
				32CA4F630368D1EE00C91783 /* Handshake_Prefix.pch */,
				29B97316FDCFA39411CA2CEA /* main.m */,
			);
			name = "Other Sources";
			sourceTree = "<group>";
		};
		29B97317FDCFA39411CA2CEA /* Resources */ = {
			isa = PBXGroup;
			children = (
				B4349E0C0EA6A12400D021F6 /* webBackground.jpg */,
				B4349FEE0EA7D9D700D021F6 /* skorp.png */,
				B4349FF00EA7D9D700D021F6 /* dfsw.png */,
				B4349FF10EA7D9D700D021F6 /* gethandshake.png */,
				F1F754F00EA7D0C800AB7481 /* IconFree.png */,
				F1D9556B0E9E8ED500D1EA9E /* HelpCircle.png */,
				F178B2EF0E9D8CE5003B91D2 /* Default.png */,
				F178B2C90E9D89EF003B91D2 /* Tower.png */,
				B47DDCFF0E9B1A3D0081D23A /* IconPremium.png */,
				F14CBEEF0E9AC1D500FA768E /* Wrench.png */,
				F14CBED40E9ABF9600FA768E /* Done.png */,
				B4B8D5D10E96BF6B0081A648 /* defaultavatar.png */,
				B49C63520E92DAA2009CC451 /* NetworkSettings.plist */,
				B432D1CA0E8D814100DD6D26 /* pict.png */,
				B432D1CB0E8D814100DD6D26 /* vcard.png */,
				B432D1CC0E8D814100DD6D26 /* ab.png */,
				B4349FEF0EA7D9D700D021F6 /* about.xib */,
				B4B8D4AE0E96A1B30081A648 /* BrowserViewController.xib */,
				2899E5210DE3E06400AC0155 /* MainViewController.xib */,
				28AD733E0D9D9553002E5188 /* MainWindow.xib */,
				F1A9C0F00E998DC3004479DD /* PicturePreviewViewController.xib */,
				8D1107310486CEB800E47090 /* Info-HandshakeFree.plist */,
				F1F754B80EA7CE4F00AB7481 /* Info-HandshakePremium.plist */,
			);
			name = Resources;
			sourceTree = "<group>";
		};
		29B97323FDCFA39411CA2CEA /* Frameworks */ = {
			isa = PBXGroup;
			children = (
				F1F754C40EA7CEB800AB7481 /* libPinchAnalytics.a */,
				B421ADE30EA7FDA20010A462 /* libsqlite3.dylib */,
				F1F754640EA7CDB300AB7481 /* libPinchAnalytics.a */,
				B4349CD00EA690AB00D021F6 /* QuartzCore.framework */,
				F153CDE70EA150D600ACAD1C /* libz.dylib */,
				F17972C40E92E3530031A296 /* CoreLocation.framework */,
				F17972BF0E92E3470031A296 /* SystemConfiguration.framework */,
				B44F07DA0E8B767B0046BC7D /* AddressBookUI.framework */,
				B44F07D60E8B76770046BC7D /* AddressBook.framework */,
				1DF5F4DF0D08C38300B7A737 /* UIKit.framework */,
				1D30AB110D05D00D00671497 /* Foundation.framework */,
				288765A40DF7441C002DB57D /* CoreGraphics.framework */,
			);
			name = Frameworks;
			sourceTree = "<group>";
		};
		B49C63180E92D6BF009CC451 /* TouchJson */ = {
			isa = PBXGroup;
			children = (
				B49C63400E92D790009CC451 /* CJSONDeserializer.h */,
				B49C63410E92D790009CC451 /* CJSONDeserializer.m */,
				B49C63420E92D790009CC451 /* CJSONScanner.h */,
				B49C63430E92D790009CC451 /* CJSONScanner.m */,
				B49C63440E92D790009CC451 /* CJSONSerializer.h */,
				B49C63450E92D790009CC451 /* CJSONSerializer.m */,
				B49C63340E92D782009CC451 /* CDataScanner_Extensions.h */,
				B49C63350E92D782009CC451 /* CDataScanner_Extensions.m */,
				B49C63360E92D782009CC451 /* NSCharacterSet_Extensions.h */,
				B49C63370E92D782009CC451 /* NSCharacterSet_Extensions.m */,
				B49C63380E92D782009CC451 /* NSDictionary_JSONExtensions.h */,
				B49C63390E92D782009CC451 /* NSDictionary_JSONExtensions.m */,
				B49C633A0E92D782009CC451 /* NSScanner_Extensions.h */,
				B49C633B0E92D782009CC451 /* NSScanner_Extensions.m */,
				B49C63310E92D779009CC451 /* CDataScanner.h */,
				B49C63320E92D779009CC451 /* CDataScanner.m */,
			);
			name = TouchJson;
			path = ../TouchCode/TouchJSON/Source;
			sourceTree = "<group>";
		};
		B49C63620E92E19B009CC451 /* Halley */ = {
			isa = PBXGroup;
			children = (
				F153CDE30EA150BC00ACAD1C /* NSData+CocoaDevUsersAdditions.h */,
				F153CDE40EA150BC00ACAD1C /* NSData+CocoaDevUsersAdditions.m */,
				B4B8D4580E96A0810081A648 /* Base64Transcoder.h */,
				B4B8D4590E96A0810081A648 /* Base64Transcoder.m */,
				B4B8D45A0E96A0810081A648 /* NSData+Base64Additions.h */,
				B4B8D45B0E96A0810081A648 /* NSData+Base64Additions.m */,
				B4B8D45C0E96A0810081A648 /* NSString+SKPURLAdditions.h */,
				B4B8D45D0E96A0810081A648 /* NSString+SKPURLAdditions.m */,
				B4B8D45E0E96A0810081A648 /* NSURLConnection+SKPAdditions.h */,
				B4B8D45F0E96A0810081A648 /* NSURLConnection+SKPAdditions.m */,
				B4B8D4600E96A0810081A648 /* RPSBrowserViewController.h */,
				B4B8D4610E96A0810081A648 /* RPSBrowserViewController.m */,
				B4B8D4620E96A0810081A648 /* RPSNetwork.h */,
				B4B8D4630E96A0810081A648 /* RPSNetwork.m */,
				B4B8D4640E96A0810081A648 /* RPSNetworkPeer.h */,
				B4B8D4650E96A0810081A648 /* RPSNetworkPeer.m */,
				B4B8D4660E96A0810081A648 /* RPSNetworkPeersList.h */,
				B4B8D4670E96A0810081A648 /* RPSNetworkPeersList.m */,
				F178B7E90EA0FD7F001BCAA8 /* SKPNetImageCache.h */,
				F178B7EA0EA0FD7F001BCAA8 /* SKPNetImageCache.m */,
				F178B7EC0EA10417001BCAA8 /* SKPNetImageCacheLoadRequest.h */,
				F178B7ED0EA10417001BCAA8 /* SKPNetImageCacheLoadRequest.m */,
				B4B8D4680E96A0810081A648 /* SKPReachability.h */,
				B4B8D4690E96A0810081A648 /* SKPReachability.m */,
				B4B8D46A0E96A0810081A648 /* UITableView+RPSAdditions.h */,
				B4B8D46B0E96A0810081A648 /* UITableView+RPSAdditions.m */,
			);
			name = Halley;
			path = ../HalleyClient/Classes;
			sourceTree = "<group>";
		};
/* End PBXGroup section */

/* Begin PBXNativeTarget section */
		1D6058900D05DD3D006BFB54 /* HandshakeFree */ = {
			isa = PBXNativeTarget;
			buildConfigurationList = 1D6058960D05DD3E006BFB54 /* Build configuration list for PBXNativeTarget "HandshakeFree" */;
			buildPhases = (
				1D60588E0D05DD3D006BFB54 /* Sources */,
				1D60588F0D05DD3D006BFB54 /* Frameworks */,
				1D60588D0D05DD3D006BFB54 /* Resources */,
			);
			buildRules = (
			);
			dependencies = (
			);
			name = HandshakeFree;
			productName = Handshake;
			productReference = 1D6058910D05DD3D006BFB54 /* HandshakeFree.app */;
			productType = "com.apple.product-type.application";
		};
		F1F754740EA7CE4F00AB7481 /* HandshakePremium */ = {
			isa = PBXNativeTarget;
			buildConfigurationList = F1F754B20EA7CE4F00AB7481 /* Build configuration list for PBXNativeTarget "HandshakePremium" */;
			buildPhases = (
				F1F754750EA7CE4F00AB7481 /* Sources */,
				F1F754950EA7CE4F00AB7481 /* Frameworks */,
				F1F754A00EA7CE4F00AB7481 /* Resources */,
			);
			buildRules = (
			);
			dependencies = (
			);
			name = HandshakePremium;
			productName = Handshake;
			productReference = F1F754B60EA7CE4F00AB7481 /* HandshakePremium.app */;
			productType = "com.apple.product-type.application";
		};
/* End PBXNativeTarget section */

/* Begin PBXProject section */
		29B97313FDCFA39411CA2CEA /* Project object */ = {
			isa = PBXProject;
			buildConfigurationList = C01FCF4E08A954540054247B /* Build configuration list for PBXProject "Handshake" */;
			compatibilityVersion = "Xcode 3.1";
			hasScannedForEncodings = 1;
			mainGroup = 29B97314FDCFA39411CA2CEA /* CustomTemplate */;
			projectDirPath = "";
			projectRoot = "";
			targets = (
				F1F754B90EA7CE6D00AB7481 /* Build All */,
				1D6058900D05DD3D006BFB54 /* HandshakeFree */,
				F1F754740EA7CE4F00AB7481 /* HandshakePremium */,
			);
		};
/* End PBXProject section */

/* Begin PBXResourcesBuildPhase section */
		1D60588D0D05DD3D006BFB54 /* Resources */ = {
			isa = PBXResourcesBuildPhase;
			buildActionMask = 2147483647;
			files = (
				28AD733F0D9D9553002E5188 /* MainWindow.xib in Resources */,
				2899E5220DE3E06400AC0155 /* MainViewController.xib in Resources */,
				B432D1CD0E8D814100DD6D26 /* pict.png in Resources */,
				B432D1CE0E8D814100DD6D26 /* vcard.png in Resources */,
				B432D1CF0E8D814100DD6D26 /* ab.png in Resources */,
				B49C63530E92DAA2009CC451 /* NetworkSettings.plist in Resources */,
				B4B8D4AF0E96A1B30081A648 /* BrowserViewController.xib in Resources */,
				B4B8D5D20E96BF6B0081A648 /* defaultavatar.png in Resources */,
				F1A9C0F10E998DC3004479DD /* PicturePreviewViewController.xib in Resources */,
				F14CBED50E9ABF9600FA768E /* Done.png in Resources */,
				F14CBEF00E9AC1D500FA768E /* Wrench.png in Resources */,
				F178B2CA0E9D89EF003B91D2 /* Tower.png in Resources */,
				F178B2F00E9D8CE5003B91D2 /* Default.png in Resources */,
				F1D9556C0E9E8ED500D1EA9E /* HelpCircle.png in Resources */,
				B4349E0D0EA6A12400D021F6 /* webBackground.jpg in Resources */,
				F1F754F10EA7D0C800AB7481 /* IconFree.png in Resources */,
				B4349FF20EA7D9D700D021F6 /* skorp.png in Resources */,
				B4349FF30EA7D9D700D021F6 /* about.xib in Resources */,
				B4349FF40EA7D9D700D021F6 /* dfsw.png in Resources */,
				B4349FF50EA7D9D700D021F6 /* gethandshake.png in Resources */,
			);
			runOnlyForDeploymentPostprocessing = 0;
		};
		F1F754A00EA7CE4F00AB7481 /* Resources */ = {
			isa = PBXResourcesBuildPhase;
			buildActionMask = 2147483647;
			files = (
				F1F754A10EA7CE4F00AB7481 /* MainWindow.xib in Resources */,
				F1F754A20EA7CE4F00AB7481 /* MainViewController.xib in Resources */,
				F1F754A30EA7CE4F00AB7481 /* pict.png in Resources */,
				F1F754A40EA7CE4F00AB7481 /* vcard.png in Resources */,
				F1F754A50EA7CE4F00AB7481 /* ab.png in Resources */,
				F1F754A60EA7CE4F00AB7481 /* NetworkSettings.plist in Resources */,
				F1F754A70EA7CE4F00AB7481 /* BrowserViewController.xib in Resources */,
				F1F754A80EA7CE4F00AB7481 /* defaultavatar.png in Resources */,
				F1F754A90EA7CE4F00AB7481 /* PicturePreviewViewController.xib in Resources */,
				F1F754AA0EA7CE4F00AB7481 /* Done.png in Resources */,
				F1F754AB0EA7CE4F00AB7481 /* Wrench.png in Resources */,
				F1F754AC0EA7CE4F00AB7481 /* IconPremium.png in Resources */,
				F1F754AD0EA7CE4F00AB7481 /* Tower.png in Resources */,
				F1F754AE0EA7CE4F00AB7481 /* Default.png in Resources */,
				F1F754AF0EA7CE4F00AB7481 /* HelpCircle.png in Resources */,
				F1F754B10EA7CE4F00AB7481 /* webBackground.jpg in Resources */,
				B4349FF60EA7D9D700D021F6 /* skorp.png in Resources */,
				B4349FF70EA7D9D700D021F6 /* about.xib in Resources */,
				B4349FF80EA7D9D700D021F6 /* dfsw.png in Resources */,
				B4349FF90EA7D9D700D021F6 /* gethandshake.png in Resources */,
			);
			runOnlyForDeploymentPostprocessing = 0;
		};
/* End PBXResourcesBuildPhase section */

/* Begin PBXSourcesBuildPhase section */
		1D60588E0D05DD3D006BFB54 /* Sources */ = {
			isa = PBXSourcesBuildPhase;
			buildActionMask = 2147483647;
			files = (
				1D60589B0D05DD56006BFB54 /* main.m in Sources */,
				1D3623260D0F684500981E51 /* HSKAppDelegate.m in Sources */,
				28D7ACF80DDB3853001CB0EB /* HSKMainViewController.m in Sources */,
				F141DEBA0E8FB61E00B854A9 /* TouchDebugging.m in Sources */,
				B4381F3F0E9001DA003B6E59 /* NSString+SKPPhoneAdditions.m in Sources */,
				B49C63330E92D779009CC451 /* CDataScanner.m in Sources */,
				B49C633C0E92D782009CC451 /* CDataScanner_Extensions.m in Sources */,
				B49C633D0E92D782009CC451 /* NSCharacterSet_Extensions.m in Sources */,
				B49C633E0E92D782009CC451 /* NSDictionary_JSONExtensions.m in Sources */,
				B49C633F0E92D782009CC451 /* NSScanner_Extensions.m in Sources */,
				B49C63460E92D790009CC451 /* CJSONDeserializer.m in Sources */,
				B49C63470E92D790009CC451 /* CJSONScanner.m in Sources */,
				B49C63480E92D790009CC451 /* CJSONSerializer.m in Sources */,
				F126E5740E93636C00A90577 /* UIImage+ThumbnailExtensions.m in Sources */,
				B4B8D46C0E96A0810081A648 /* Base64Transcoder.m in Sources */,
				B4B8D46D0E96A0810081A648 /* NSData+Base64Additions.m in Sources */,
				B4B8D46E0E96A0810081A648 /* NSString+SKPURLAdditions.m in Sources */,
				B4B8D46F0E96A0810081A648 /* NSURLConnection+SKPAdditions.m in Sources */,
				B4B8D4700E96A0810081A648 /* RPSBrowserViewController.m in Sources */,
				B4B8D4710E96A0810081A648 /* RPSNetwork.m in Sources */,
				B4B8D4720E96A0810081A648 /* RPSNetworkPeer.m in Sources */,
				B4B8D4730E96A0810081A648 /* RPSNetworkPeersList.m in Sources */,
				B4B8D4740E96A0810081A648 /* SKPReachability.m in Sources */,
				B4B8D4750E96A0810081A648 /* UITableView+RPSAdditions.m in Sources */,
				F193AB9C0E98C06200217B58 /* HSKUnknownPersonViewController.m in Sources */,
				B487A2A70E9962E900E037F6 /* HSKFlipsideController.m in Sources */,
				F1A9C1070E998E41004479DD /* HSKPicturePreviewViewController.m in Sources */,
				F1778F030E9C578A006CAEF9 /* HSKNavigationController.m in Sources */,
				F178B7EB0EA0FD7F001BCAA8 /* SKPNetImageCache.m in Sources */,
				F178B7EE0EA10417001BCAA8 /* SKPNetImageCacheLoadRequest.m in Sources */,
				F153CDE50EA150BC00ACAD1C /* NSData+CocoaDevUsersAdditions.m in Sources */,
				B421ACE10EA7F3390010A462 /* HSKAboutViewController.m in Sources */,
			);
			runOnlyForDeploymentPostprocessing = 0;
		};
		F1F754750EA7CE4F00AB7481 /* Sources */ = {
			isa = PBXSourcesBuildPhase;
			buildActionMask = 2147483647;
			files = (
				F1F754760EA7CE4F00AB7481 /* main.m in Sources */,
				F1F754770EA7CE4F00AB7481 /* HSKAppDelegate.m in Sources */,
				F1F754780EA7CE4F00AB7481 /* HSKMainViewController.m in Sources */,
				F1F754790EA7CE4F00AB7481 /* TouchDebugging.m in Sources */,
				F1F7547A0EA7CE4F00AB7481 /* NSString+SKPPhoneAdditions.m in Sources */,
				F1F7547B0EA7CE4F00AB7481 /* CDataScanner.m in Sources */,
				F1F7547C0EA7CE4F00AB7481 /* CDataScanner_Extensions.m in Sources */,
				F1F7547D0EA7CE4F00AB7481 /* NSCharacterSet_Extensions.m in Sources */,
				F1F7547E0EA7CE4F00AB7481 /* NSDictionary_JSONExtensions.m in Sources */,
				F1F7547F0EA7CE4F00AB7481 /* NSScanner_Extensions.m in Sources */,
				F1F754800EA7CE4F00AB7481 /* CJSONDeserializer.m in Sources */,
				F1F754810EA7CE4F00AB7481 /* CJSONScanner.m in Sources */,
				F1F754820EA7CE4F00AB7481 /* CJSONSerializer.m in Sources */,
				F1F754830EA7CE4F00AB7481 /* UIImage+ThumbnailExtensions.m in Sources */,
				F1F754840EA7CE4F00AB7481 /* Base64Transcoder.m in Sources */,
				F1F754850EA7CE4F00AB7481 /* NSData+Base64Additions.m in Sources */,
				F1F754860EA7CE4F00AB7481 /* NSString+SKPURLAdditions.m in Sources */,
				F1F754870EA7CE4F00AB7481 /* NSURLConnection+SKPAdditions.m in Sources */,
				F1F754880EA7CE4F00AB7481 /* RPSBrowserViewController.m in Sources */,
				F1F754890EA7CE4F00AB7481 /* RPSNetwork.m in Sources */,
				F1F7548A0EA7CE4F00AB7481 /* RPSNetworkPeer.m in Sources */,
				F1F7548B0EA7CE4F00AB7481 /* RPSNetworkPeersList.m in Sources */,
				F1F7548C0EA7CE4F00AB7481 /* SKPReachability.m in Sources */,
				F1F7548D0EA7CE4F00AB7481 /* UITableView+RPSAdditions.m in Sources */,
				F1F7548E0EA7CE4F00AB7481 /* HSKUnknownPersonViewController.m in Sources */,
				F1F7548F0EA7CE4F00AB7481 /* HSKFlipsideController.m in Sources */,
				F1F754900EA7CE4F00AB7481 /* HSKPicturePreviewViewController.m in Sources */,
				F1F754910EA7CE4F00AB7481 /* HSKNavigationController.m in Sources */,
				F1F754920EA7CE4F00AB7481 /* SKPNetImageCache.m in Sources */,
				F1F754930EA7CE4F00AB7481 /* SKPNetImageCacheLoadRequest.m in Sources */,
				F1F754940EA7CE4F00AB7481 /* NSData+CocoaDevUsersAdditions.m in Sources */,
				B421ACE00EA7F3390010A462 /* HSKAboutViewController.m in Sources */,
			);
			runOnlyForDeploymentPostprocessing = 0;
		};
/* End PBXSourcesBuildPhase section */

/* Begin PBXTargetDependency section */
		F1F754BE0EA7CE7200AB7481 /* PBXTargetDependency */ = {
			isa = PBXTargetDependency;
			target = 1D6058900D05DD3D006BFB54 /* HandshakeFree */;
			targetProxy = F1F754BD0EA7CE7200AB7481 /* PBXContainerItemProxy */;
		};
		F1F754C00EA7CE7400AB7481 /* PBXTargetDependency */ = {
			isa = PBXTargetDependency;
			target = F1F754740EA7CE4F00AB7481 /* HandshakePremium */;
			targetProxy = F1F754BF0EA7CE7400AB7481 /* PBXContainerItemProxy */;
		};
/* End PBXTargetDependency section */

/* Begin XCBuildConfiguration section */
		1D6058940D05DD3E006BFB54 /* Debug */ = {
			isa = XCBuildConfiguration;
			buildSettings = {
				ALWAYS_SEARCH_USER_PATHS = NO;
				COPY_PHASE_STRIP = NO;
				GCC_DYNAMIC_NO_PIC = NO;
				GCC_OPTIMIZATION_LEVEL = 0;
				GCC_PRECOMPILE_PREFIX_HEADER = YES;
				GCC_PREFIX_HEADER = Handshake_Prefix.pch;
				INFOPLIST_FILE = "Info-HandshakeFree.plist";
				LIBRARY_SEARCH_PATHS = (
					"$(inherited)",
					"\"$(SRCROOT)\"",
				);
				PRODUCT_NAME = HandshakeFree;
			};
			name = Debug;
		};
		1D6058950D05DD3E006BFB54 /* Release */ = {
			isa = XCBuildConfiguration;
			buildSettings = {
				ALWAYS_SEARCH_USER_PATHS = NO;
				COPY_PHASE_STRIP = YES;
				GCC_PRECOMPILE_PREFIX_HEADER = YES;
				GCC_PREFIX_HEADER = Handshake_Prefix.pch;
				GCC_PREPROCESSOR_DEFINITIONS = NDEBUG;
				INFOPLIST_FILE = "Info-HandshakeFree.plist";
				LIBRARY_SEARCH_PATHS = (
					"$(inherited)",
					"\"$(SRCROOT)\"",
				);
				PRODUCT_NAME = HandshakeFree;
			};
			name = Release;
		};
		C01FCF4F08A954540054247B /* Debug */ = {
			isa = XCBuildConfiguration;
			buildSettings = {
				ARCHS = "$(ARCHS_STANDARD_32_BIT)";
				"CODE_SIGN_IDENTITY[sdk=iphoneos*]" = "iPhone Developer";
				GCC_C_LANGUAGE_STANDARD = c99;
				GCC_WARN_ABOUT_RETURN_TYPE = YES;
				GCC_WARN_UNUSED_VARIABLE = YES;
				ONLY_ACTIVE_ARCH = YES;
				PREBINDING = NO;
				SDKROOT = iphoneos2.1;
			};
			name = Debug;
		};
		C01FCF5008A954540054247B /* Release */ = {
			isa = XCBuildConfiguration;
			buildSettings = {
				ARCHS = "$(ARCHS_STANDARD_32_BIT)";
				"CODE_SIGN_IDENTITY[sdk=iphoneos*]" = "iPhone Developer";
				GCC_C_LANGUAGE_STANDARD = c99;
				GCC_WARN_ABOUT_RETURN_TYPE = YES;
				GCC_WARN_UNUSED_VARIABLE = YES;
				PREBINDING = NO;
				SDKROOT = iphoneos2.1;
			};
			name = Release;
		};
		F14CBF580E9AC8B700FA768E /* Release - AdHoc */ = {
			isa = XCBuildConfiguration;
			buildSettings = {
				ARCHS = "$(ARCHS_STANDARD_32_BIT)";
				"CODE_SIGN_IDENTITY[sdk=iphoneos*]" = "iPhone Distribution: Skorpiostech, Inc.";
				GCC_C_LANGUAGE_STANDARD = c99;
				GCC_WARN_ABOUT_RETURN_TYPE = YES;
				GCC_WARN_UNUSED_VARIABLE = YES;
				PREBINDING = NO;
				SDKROOT = iphoneos2.1;
			};
			name = "Release - AdHoc";
		};
		F14CBF590E9AC8B700FA768E /* Release - AdHoc */ = {
			isa = XCBuildConfiguration;
			buildSettings = {
				ALWAYS_SEARCH_USER_PATHS = NO;
				CODE_SIGN_ENTITLEMENTS = Entitlements.plist;
				COPY_PHASE_STRIP = YES;
				GCC_PRECOMPILE_PREFIX_HEADER = YES;
				GCC_PREFIX_HEADER = Handshake_Prefix.pch;
				GCC_PREPROCESSOR_DEFINITIONS = NDEBUG;
				INFOPLIST_FILE = "Info-HandshakeFree.plist";
				LIBRARY_SEARCH_PATHS = (
					"$(inherited)",
					"\"$(SRCROOT)\"",
				);
				PRODUCT_NAME = HandshakeFree;
				"PROVISIONING_PROFILE[sdk=iphoneos*]" = "2231785A-4CF7-4FDE-9595-BE40C5F29CC3";
			};
			name = "Release - AdHoc";
		};
		F1F754B30EA7CE4F00AB7481 /* Debug */ = {
			isa = XCBuildConfiguration;
			buildSettings = {
				ALWAYS_SEARCH_USER_PATHS = NO;
				COPY_PHASE_STRIP = NO;
				GCC_DYNAMIC_NO_PIC = NO;
				GCC_OPTIMIZATION_LEVEL = 0;
				GCC_PRECOMPILE_PREFIX_HEADER = YES;
				GCC_PREFIX_HEADER = Handshake_Prefix.pch;
				GCC_PREPROCESSOR_DEFINITIONS_NOT_USED_IN_PRECOMPS = HS_PREMIUM;
				INFOPLIST_FILE = "Info-HandshakePremium.plist";
				LIBRARY_SEARCH_PATHS = (
					"$(inherited)",
					"\\\"$(SRCROOT)\\\"",
					"\"$(SRCROOT)\"",
				);
				PRODUCT_NAME = HandshakePremium;
			};
			name = Debug;
		};
		F1F754B40EA7CE4F00AB7481 /* Release */ = {
			isa = XCBuildConfiguration;
			buildSettings = {
				ALWAYS_SEARCH_USER_PATHS = NO;
				COPY_PHASE_STRIP = YES;
				GCC_PRECOMPILE_PREFIX_HEADER = YES;
				GCC_PREFIX_HEADER = Handshake_Prefix.pch;
				GCC_PREPROCESSOR_DEFINITIONS = NDEBUG;
				GCC_PREPROCESSOR_DEFINITIONS_NOT_USED_IN_PRECOMPS = HS_PREMIUM;
				INFOPLIST_FILE = "Info-HandshakePremium.plist";
				LIBRARY_SEARCH_PATHS = (
					"$(inherited)",
					"\\\"$(SRCROOT)\\\"",
					"\"$(SRCROOT)\"",
				);
				PRODUCT_NAME = HandshakePremium;
			};
			name = Release;
		};
		F1F754B50EA7CE4F00AB7481 /* Release - AdHoc */ = {
			isa = XCBuildConfiguration;
			buildSettings = {
				ALWAYS_SEARCH_USER_PATHS = NO;
				CODE_SIGN_ENTITLEMENTS = Entitlements.plist;
				COPY_PHASE_STRIP = YES;
				GCC_PRECOMPILE_PREFIX_HEADER = YES;
				GCC_PREFIX_HEADER = Handshake_Prefix.pch;
				GCC_PREPROCESSOR_DEFINITIONS = NDEBUG;
				GCC_PREPROCESSOR_DEFINITIONS_NOT_USED_IN_PRECOMPS = HS_PREMIUM;
				INFOPLIST_FILE = "Info-HandshakePremium.plist";
				LIBRARY_SEARCH_PATHS = (
					"$(inherited)",
					"\\\"$(SRCROOT)\\\"",
					"\"$(SRCROOT)\"",
				);
				PRODUCT_NAME = HandshakePremium;
				"PROVISIONING_PROFILE[sdk=iphoneos*]" = "2231785A-4CF7-4FDE-9595-BE40C5F29CC3";
			};
			name = "Release - AdHoc";
		};
		F1F754BA0EA7CE6D00AB7481 /* Debug */ = {
			isa = XCBuildConfiguration;
			buildSettings = {
				COPY_PHASE_STRIP = NO;
				GCC_DYNAMIC_NO_PIC = NO;
				GCC_OPTIMIZATION_LEVEL = 0;
				PRODUCT_NAME = "Build All";
			};
			name = Debug;
		};
		F1F754BB0EA7CE6D00AB7481 /* Release */ = {
			isa = XCBuildConfiguration;
			buildSettings = {
				COPY_PHASE_STRIP = YES;
				DEBUG_INFORMATION_FORMAT = "dwarf-with-dsym";
				GCC_ENABLE_FIX_AND_CONTINUE = NO;
				PRODUCT_NAME = "Build All";
				ZERO_LINK = NO;
			};
			name = Release;
		};
		F1F754BC0EA7CE6D00AB7481 /* Release - AdHoc */ = {
			isa = XCBuildConfiguration;
			buildSettings = {
				PRODUCT_NAME = "Build All";
			};
			name = "Release - AdHoc";
		};
/* End XCBuildConfiguration section */

/* Begin XCConfigurationList section */
		1D6058960D05DD3E006BFB54 /* Build configuration list for PBXNativeTarget "HandshakeFree" */ = {
			isa = XCConfigurationList;
			buildConfigurations = (
				1D6058940D05DD3E006BFB54 /* Debug */,
				1D6058950D05DD3E006BFB54 /* Release */,
				F14CBF590E9AC8B700FA768E /* Release - AdHoc */,
			);
			defaultConfigurationIsVisible = 0;
			defaultConfigurationName = Release;
		};
		C01FCF4E08A954540054247B /* Build configuration list for PBXProject "Handshake" */ = {
			isa = XCConfigurationList;
			buildConfigurations = (
				C01FCF4F08A954540054247B /* Debug */,
				C01FCF5008A954540054247B /* Release */,
				F14CBF580E9AC8B700FA768E /* Release - AdHoc */,
			);
			defaultConfigurationIsVisible = 0;
			defaultConfigurationName = Release;
		};
		F1F754B20EA7CE4F00AB7481 /* Build configuration list for PBXNativeTarget "HandshakePremium" */ = {
			isa = XCConfigurationList;
			buildConfigurations = (
				F1F754B30EA7CE4F00AB7481 /* Debug */,
				F1F754B40EA7CE4F00AB7481 /* Release */,
				F1F754B50EA7CE4F00AB7481 /* Release - AdHoc */,
			);
			defaultConfigurationIsVisible = 0;
			defaultConfigurationName = Release;
		};
		F1F754C60EA7CEB800AB7481 /* Build configuration list for PBXAggregateTarget "Build All" */ = {
			isa = XCConfigurationList;
			buildConfigurations = (
				F1F754BA0EA7CE6D00AB7481 /* Debug */,
				F1F754BB0EA7CE6D00AB7481 /* Release */,
				F1F754BC0EA7CE6D00AB7481 /* Release - AdHoc */,
			);
			defaultConfigurationIsVisible = 0;
			defaultConfigurationName = Release;
		};
/* End XCConfigurationList section */
	};
	rootObject = 29B97313FDCFA39411CA2CEA /* Project object */;
}
